
Microsoft Visual Studio Solution File, Format Version 12.00
# Visual Studio Version 17
VisualStudioVersion = 17.2.32630.192
MinimumVisualStudioVersion = 10.0.40219.1
Project("{FAE04EC0-301F-11D3-BF4B-00C04F79EFBC}") = "MinesweeperProgram", "MinesweeperProgram\MinesweeperProgram.csproj", "{169C25E3-DC69-45D1-B92D-6EF5DA2A54CF}"
EndProject
Global
	GlobalSection(SolutionConfigurationPlatforms) = preSolution
		Debug|Any CPU = Debug|Any CPU
		Release|Any CPU = Release|Any CPU
	EndGlobalSection
	GlobalSection(ProjectConfigurationPlatforms) = postSolution
		{169C25E3-DC69-45D1-B92D-6EF5DA2A54CF}.Debug|Any CPU.ActiveCfg = Debug|Any CPU
		{169C25E3-DC69-45D1-B92D-6EF5DA2A54CF}.Debug|Any CPU.Build.0 = Debug|Any CPU
		{169C25E3-DC69-45D1-B92D-6EF5DA2A54CF}.Release|Any CPU.ActiveCfg = Release|Any CPU
		{169C25E3-DC69-45D1-B92D-6EF5DA2A54CF}.Release|Any CPU.Build.0 = Release|Any CPU
	EndGlobalSection
	GlobalSection(SolutionProperties) = preSolution
		HideSolutionNode = FALSE
	EndGlobalSection
	GlobalSection(ExtensibilityGlobals) = postSolution
		SolutionGuid = {3DACC657-FE08-424D-A664-C4C58233A1FD}
	EndGlobalSection
EndGlobal
